// !$*UTF8*$!
{
	archiveVersion = 1;
	classes = {
	};
	objectVersion = 56;
	objects = {

/* Begin PBXBuildFile section */
		6C4197ED652AF8F57C223130 /* Pods_SampleEventBrowser.framework in Frameworks */ = {isa = PBXBuildFile; fileRef = 74B391680AEF11BA1506BD94 /* Pods_SampleEventBrowser.framework */; };
		F6E11E540AB1F29B717F3A49 /* Pods_SampleEventBrowserTests.framework in Frameworks */ = {isa = PBXBuildFile; fileRef = DB4BFF5E34CCC4906088F3D3 /* Pods_SampleEventBrowserTests.framework */; };
		F91C15C82CE0E1890029C15D /* Assets.xcassets in Resources */ = {isa = PBXBuildFile; fileRef = F91C15C72CE0E1890029C15D /* Assets.xcassets */; };
		F91C15CB2CE0E1890029C15D /* Preview Assets.xcassets in Resources */ = {isa = PBXBuildFile; fileRef = F91C15CA2CE0E1890029C15D /* Preview Assets.xcassets */; };
		F91C15D52CE0E1890029C15D /* SampleEventBrowserTests.swift in Sources */ = {isa = PBXBuildFile; fileRef = F91C15D42CE0E1890029C15D /* SampleEventBrowserTests.swift */; };
		F9A843B92CF5DF2700FB3EAC /* SampleEventBrowserApp.swift in Sources */ = {isa = PBXBuildFile; fileRef = F91C15C12CE0E1880029C15D /* SampleEventBrowserApp.swift */; };
		F9E42C212D04994300C6E4E0 /* TimerManager.swift in Sources */ = {isa = PBXBuildFile; fileRef = F9E42C202D04994300C6E4E0 /* TimerManager.swift */; };
/* End PBXBuildFile section */

/* Begin PBXContainerItemProxy section */
		F91C15D12CE0E1890029C15D /* PBXContainerItemProxy */ = {
			isa = PBXContainerItemProxy;
			containerPortal = F91C15B62CE0E1870029C15D /* Project object */;
			proxyType = 1;
			remoteGlobalIDString = F91C15BD2CE0E1880029C15D;
			remoteInfo = SampleEventBrowser;
		};
/* End PBXContainerItemProxy section */

/* Begin PBXFileReference section */
		151281609569789EF6F71E4C /* Pods-SampleEventBrowserTests.release.xcconfig */ = {isa = PBXFileReference; includeInIndex = 1; lastKnownFileType = text.xcconfig; name = "Pods-SampleEventBrowserTests.release.xcconfig"; path = "Target Support Files/Pods-SampleEventBrowserTests/Pods-SampleEventBrowserTests.release.xcconfig"; sourceTree = "<group>"; };
		74B391680AEF11BA1506BD94 /* Pods_SampleEventBrowser.framework */ = {isa = PBXFileReference; explicitFileType = wrapper.framework; includeInIndex = 0; path = Pods_SampleEventBrowser.framework; sourceTree = BUILT_PRODUCTS_DIR; };
		7E585673D05B0F0F48B73743 /* Pods-SampleEventBrowser.release.xcconfig */ = {isa = PBXFileReference; includeInIndex = 1; lastKnownFileType = text.xcconfig; name = "Pods-SampleEventBrowser.release.xcconfig"; path = "Target Support Files/Pods-SampleEventBrowser/Pods-SampleEventBrowser.release.xcconfig"; sourceTree = "<group>"; };
		CDE049E7EA54D902BA42E178 /* Pods-SampleEventBrowserTests.debug.xcconfig */ = {isa = PBXFileReference; includeInIndex = 1; lastKnownFileType = text.xcconfig; name = "Pods-SampleEventBrowserTests.debug.xcconfig"; path = "Target Support Files/Pods-SampleEventBrowserTests/Pods-SampleEventBrowserTests.debug.xcconfig"; sourceTree = "<group>"; };
		DB4BFF5E34CCC4906088F3D3 /* Pods_SampleEventBrowserTests.framework */ = {isa = PBXFileReference; explicitFileType = wrapper.framework; includeInIndex = 0; path = Pods_SampleEventBrowserTests.framework; sourceTree = BUILT_PRODUCTS_DIR; };
		E57295EA6729F63DA82DD90E /* Pods-SampleEventBrowser.debug.xcconfig */ = {isa = PBXFileReference; includeInIndex = 1; lastKnownFileType = text.xcconfig; name = "Pods-SampleEventBrowser.debug.xcconfig"; path = "Target Support Files/Pods-SampleEventBrowser/Pods-SampleEventBrowser.debug.xcconfig"; sourceTree = "<group>"; };
		F91C15BE2CE0E1880029C15D /* SampleEventBrowser.app */ = {isa = PBXFileReference; explicitFileType = wrapper.application; includeInIndex = 0; path = SampleEventBrowser.app; sourceTree = BUILT_PRODUCTS_DIR; };
		F91C15C12CE0E1880029C15D /* SampleEventBrowserApp.swift */ = {isa = PBXFileReference; lastKnownFileType = sourcecode.swift; path = SampleEventBrowserApp.swift; sourceTree = "<group>"; };
		F91C15C72CE0E1890029C15D /* Assets.xcassets */ = {isa = PBXFileReference; lastKnownFileType = folder.assetcatalog; path = Assets.xcassets; sourceTree = "<group>"; };
		F91C15CA2CE0E1890029C15D /* Preview Assets.xcassets */ = {isa = PBXFileReference; lastKnownFileType = folder.assetcatalog; path = "Preview Assets.xcassets"; sourceTree = "<group>"; };
		F91C15D02CE0E1890029C15D /* SampleEventBrowserTests.xctest */ = {isa = PBXFileReference; explicitFileType = wrapper.cfbundle; includeInIndex = 0; path = SampleEventBrowserTests.xctest; sourceTree = BUILT_PRODUCTS_DIR; };
		F91C15D42CE0E1890029C15D /* SampleEventBrowserTests.swift */ = {isa = PBXFileReference; lastKnownFileType = sourcecode.swift; path = SampleEventBrowserTests.swift; sourceTree = "<group>"; };
		F9E42C202D04994300C6E4E0 /* TimerManager.swift */ = {isa = PBXFileReference; lastKnownFileType = sourcecode.swift; path = TimerManager.swift; sourceTree = "<group>"; };
/* End PBXFileReference section */

/* Begin PBXFrameworksBuildPhase section */
		F91C15BB2CE0E1880029C15D /* Frameworks */ = {
			isa = PBXFrameworksBuildPhase;
			buildActionMask = 2147483647;
			files = (
				6C4197ED652AF8F57C223130 /* Pods_SampleEventBrowser.framework in Frameworks */,
			);
			runOnlyForDeploymentPostprocessing = 0;
		};
		F91C15CD2CE0E1890029C15D /* Frameworks */ = {
			isa = PBXFrameworksBuildPhase;
			buildActionMask = 2147483647;
			files = (
				F6E11E540AB1F29B717F3A49 /* Pods_SampleEventBrowserTests.framework in Frameworks */,
			);
			runOnlyForDeploymentPostprocessing = 0;
		};
/* End PBXFrameworksBuildPhase section */

/* Begin PBXGroup section */
		9109317C97900465DC150521 /* Pods */ = {
			isa = PBXGroup;
			children = (
				E57295EA6729F63DA82DD90E /* Pods-SampleEventBrowser.debug.xcconfig */,
				7E585673D05B0F0F48B73743 /* Pods-SampleEventBrowser.release.xcconfig */,
				CDE049E7EA54D902BA42E178 /* Pods-SampleEventBrowserTests.debug.xcconfig */,
				151281609569789EF6F71E4C /* Pods-SampleEventBrowserTests.release.xcconfig */,
			);
			path = Pods;
			sourceTree = "<group>";
		};
		A2D353B75B9C9559AB4E9912 /* Frameworks */ = {
			isa = PBXGroup;
			children = (
				74B391680AEF11BA1506BD94 /* Pods_SampleEventBrowser.framework */,
				DB4BFF5E34CCC4906088F3D3 /* Pods_SampleEventBrowserTests.framework */,
			);
			name = Frameworks;
			sourceTree = "<group>";
		};
		F91C15B52CE0E1870029C15D = {
			isa = PBXGroup;
			children = (
				F91C15C02CE0E1880029C15D /* SampleEventBrowser */,
				F91C15D32CE0E1890029C15D /* SampleEventBrowserTests */,
				F91C15BF2CE0E1880029C15D /* Products */,
				9109317C97900465DC150521 /* Pods */,
				A2D353B75B9C9559AB4E9912 /* Frameworks */,
			);
			sourceTree = "<group>";
		};
		F91C15BF2CE0E1880029C15D /* Products */ = {
			isa = PBXGroup;
			children = (
				F91C15BE2CE0E1880029C15D /* SampleEventBrowser.app */,
				F91C15D02CE0E1890029C15D /* SampleEventBrowserTests.xctest */,
			);
			name = Products;
			sourceTree = "<group>";
		};
		F91C15C02CE0E1880029C15D /* SampleEventBrowser */ = {
			isa = PBXGroup;
			children = (
				F91C15C12CE0E1880029C15D /* SampleEventBrowserApp.swift */,
				F9E42C202D04994300C6E4E0 /* TimerManager.swift */,
				F91C15C72CE0E1890029C15D /* Assets.xcassets */,
				F91C15C92CE0E1890029C15D /* Preview Content */,
			);
			path = SampleEventBrowser;
			sourceTree = "<group>";
		};
		F91C15C92CE0E1890029C15D /* Preview Content */ = {
			isa = PBXGroup;
			children = (
				F91C15CA2CE0E1890029C15D /* Preview Assets.xcassets */,
			);
			path = "Preview Content";
			sourceTree = "<group>";
		};
		F91C15D32CE0E1890029C15D /* SampleEventBrowserTests */ = {
			isa = PBXGroup;
			children = (
				F91C15D42CE0E1890029C15D /* SampleEventBrowserTests.swift */,
			);
			path = SampleEventBrowserTests;
			sourceTree = "<group>";
		};
/* End PBXGroup section */

/* Begin PBXNativeTarget section */
		F91C15BD2CE0E1880029C15D /* SampleEventBrowser */ = {
			isa = PBXNativeTarget;
			buildConfigurationList = F91C15E42CE0E1890029C15D /* Build configuration list for PBXNativeTarget "SampleEventBrowser" */;
			buildPhases = (
				E12BD222EAF7FEF22DFCC113 /* [CP] Check Pods Manifest.lock */,
				F91C15BA2CE0E1880029C15D /* Sources */,
				F91C15BB2CE0E1880029C15D /* Frameworks */,
				F91C15BC2CE0E1880029C15D /* Resources */,
				F5C382A461C6ECC20ACDD5A9 /* [CP] Embed Pods Frameworks */,
			);
			buildRules = (
			);
			dependencies = (
			);
			name = SampleEventBrowser;
			productName = SampleEventBrowser;
			productReference = F91C15BE2CE0E1880029C15D /* SampleEventBrowser.app */;
			productType = "com.apple.product-type.application";
		};
		F91C15CF2CE0E1890029C15D /* SampleEventBrowserTests */ = {
			isa = PBXNativeTarget;
			buildConfigurationList = F91C15E72CE0E1890029C15D /* Build configuration list for PBXNativeTarget "SampleEventBrowserTests" */;
			buildPhases = (
				0FEA10B81126B82877BE6A42 /* [CP] Check Pods Manifest.lock */,
				F91C15CC2CE0E1890029C15D /* Sources */,
				F91C15CD2CE0E1890029C15D /* Frameworks */,
				F91C15CE2CE0E1890029C15D /* Resources */,
			);
			buildRules = (
			);
			dependencies = (
				F91C15D22CE0E1890029C15D /* PBXTargetDependency */,
			);
			name = SampleEventBrowserTests;
			productName = SampleEventBrowserTests;
			productReference = F91C15D02CE0E1890029C15D /* SampleEventBrowserTests.xctest */;
			productType = "com.apple.product-type.bundle.unit-test";
		};
/* End PBXNativeTarget section */

/* Begin PBXProject section */
		F91C15B62CE0E1870029C15D /* Project object */ = {
			isa = PBXProject;
			attributes = {
				BuildIndependentTargetsInParallel = 1;
				LastSwiftUpdateCheck = 1540;
				LastUpgradeCheck = 1540;
				TargetAttributes = {
					F91C15BD2CE0E1880029C15D = {
						CreatedOnToolsVersion = 15.4;
					};
					F91C15CF2CE0E1890029C15D = {
						CreatedOnToolsVersion = 15.4;
						TestTargetID = F91C15BD2CE0E1880029C15D;
					};
				};
			};
			buildConfigurationList = F91C15B92CE0E1870029C15D /* Build configuration list for PBXProject "SampleEventBrowser" */;
			compatibilityVersion = "Xcode 14.0";
			developmentRegion = en;
			hasScannedForEncodings = 0;
			knownRegions = (
				en,
				Base,
			);
			mainGroup = F91C15B52CE0E1870029C15D;
			productRefGroup = F91C15BF2CE0E1880029C15D /* Products */;
			projectDirPath = "";
			projectRoot = "";
			targets = (
				F91C15BD2CE0E1880029C15D /* SampleEventBrowser */,
				F91C15CF2CE0E1890029C15D /* SampleEventBrowserTests */,
			);
		};
/* End PBXProject section */

/* Begin PBXResourcesBuildPhase section */
		F91C15BC2CE0E1880029C15D /* Resources */ = {
			isa = PBXResourcesBuildPhase;
			buildActionMask = 2147483647;
			files = (
				F91C15CB2CE0E1890029C15D /* Preview Assets.xcassets in Resources */,
				F91C15C82CE0E1890029C15D /* Assets.xcassets in Resources */,
			);
			runOnlyForDeploymentPostprocessing = 0;
		};
		F91C15CE2CE0E1890029C15D /* Resources */ = {
			isa = PBXResourcesBuildPhase;
			buildActionMask = 2147483647;
			files = (
			);
			runOnlyForDeploymentPostprocessing = 0;
		};
/* End PBXResourcesBuildPhase section */

/* Begin PBXShellScriptBuildPhase section */
		0FEA10B81126B82877BE6A42 /* [CP] Check Pods Manifest.lock */ = {
			isa = PBXShellScriptBuildPhase;
			buildActionMask = 2147483647;
			files = (
			);
			inputFileListPaths = (
			);
			inputPaths = (
				"${PODS_PODFILE_DIR_PATH}/Podfile.lock",
				"${PODS_ROOT}/Manifest.lock",
			);
			name = "[CP] Check Pods Manifest.lock";
			outputFileListPaths = (
			);
			outputPaths = (
				"$(DERIVED_FILE_DIR)/Pods-SampleEventBrowserTests-checkManifestLockResult.txt",
			);
			runOnlyForDeploymentPostprocessing = 0;
			shellPath = /bin/sh;
			shellScript = "diff \"${PODS_PODFILE_DIR_PATH}/Podfile.lock\" \"${PODS_ROOT}/Manifest.lock\" > /dev/null\nif [ $? != 0 ] ; then\n    # print error to STDERR\n    echo \"error: The sandbox is not in sync with the Podfile.lock. Run 'pod install' or update your CocoaPods installation.\" >&2\n    exit 1\nfi\n# This output is used by Xcode 'outputs' to avoid re-running this script phase.\necho \"SUCCESS\" > \"${SCRIPT_OUTPUT_FILE_0}\"\n";
			showEnvVarsInLog = 0;
		};
		E12BD222EAF7FEF22DFCC113 /* [CP] Check Pods Manifest.lock */ = {
			isa = PBXShellScriptBuildPhase;
			buildActionMask = 2147483647;
			files = (
			);
			inputFileListPaths = (
			);
			inputPaths = (
				"${PODS_PODFILE_DIR_PATH}/Podfile.lock",
				"${PODS_ROOT}/Manifest.lock",
			);
			name = "[CP] Check Pods Manifest.lock";
			outputFileListPaths = (
			);
			outputPaths = (
				"$(DERIVED_FILE_DIR)/Pods-SampleEventBrowser-checkManifestLockResult.txt",
			);
			runOnlyForDeploymentPostprocessing = 0;
			shellPath = /bin/sh;
			shellScript = "diff \"${PODS_PODFILE_DIR_PATH}/Podfile.lock\" \"${PODS_ROOT}/Manifest.lock\" > /dev/null\nif [ $? != 0 ] ; then\n    # print error to STDERR\n    echo \"error: The sandbox is not in sync with the Podfile.lock. Run 'pod install' or update your CocoaPods installation.\" >&2\n    exit 1\nfi\n# This output is used by Xcode 'outputs' to avoid re-running this script phase.\necho \"SUCCESS\" > \"${SCRIPT_OUTPUT_FILE_0}\"\n";
			showEnvVarsInLog = 0;
		};
		F5C382A461C6ECC20ACDD5A9 /* [CP] Embed Pods Frameworks */ = {
			isa = PBXShellScriptBuildPhase;
			buildActionMask = 2147483647;
			files = (
			);
			inputFileListPaths = (
				"${PODS_ROOT}/Target Support Files/Pods-SampleEventBrowser/Pods-SampleEventBrowser-frameworks-${CONFIGURATION}-input-files.xcfilelist",
			);
			name = "[CP] Embed Pods Frameworks";
			outputFileListPaths = (
				"${PODS_ROOT}/Target Support Files/Pods-SampleEventBrowser/Pods-SampleEventBrowser-frameworks-${CONFIGURATION}-output-files.xcfilelist",
			);
			runOnlyForDeploymentPostprocessing = 0;
			shellPath = /bin/sh;
			shellScript = "\"${PODS_ROOT}/Target Support Files/Pods-SampleEventBrowser/Pods-SampleEventBrowser-frameworks.sh\"\n";
			showEnvVarsInLog = 0;
		};
/* End PBXShellScriptBuildPhase section */

/* Begin PBXSourcesBuildPhase section */
		F91C15BA2CE0E1880029C15D /* Sources */ = {
			isa = PBXSourcesBuildPhase;
			buildActionMask = 2147483647;
			files = (
				F9A843B92CF5DF2700FB3EAC /* SampleEventBrowserApp.swift in Sources */,
				F9E42C212D04994300C6E4E0 /* TimerManager.swift in Sources */,
			);
			runOnlyForDeploymentPostprocessing = 0;
		};
		F91C15CC2CE0E1890029C15D /* Sources */ = {
			isa = PBXSourcesBuildPhase;
			buildActionMask = 2147483647;
			files = (
				F91C15D52CE0E1890029C15D /* SampleEventBrowserTests.swift in Sources */,
			);
			runOnlyForDeploymentPostprocessing = 0;
		};
/* End PBXSourcesBuildPhase section */

/* Begin PBXTargetDependency section */
		F91C15D22CE0E1890029C15D /* PBXTargetDependency */ = {
			isa = PBXTargetDependency;
			target = F91C15BD2CE0E1880029C15D /* SampleEventBrowser */;
			targetProxy = F91C15D12CE0E1890029C15D /* PBXContainerItemProxy */;
		};
/* End PBXTargetDependency section */

/* Begin XCBuildConfiguration section */
		F91C15E22CE0E1890029C15D /* Debug */ = {
			isa = XCBuildConfiguration;
			buildSettings = {
				ALWAYS_SEARCH_USER_PATHS = NO;
				ASSETCATALOG_COMPILER_GENERATE_SWIFT_ASSET_SYMBOL_EXTENSIONS = YES;
				CLANG_ANALYZER_NONNULL = YES;
				CLANG_ANALYZER_NUMBER_OBJECT_CONVERSION = YES_AGGRESSIVE;
				CLANG_CXX_LANGUAGE_STANDARD = "gnu++20";
				CLANG_ENABLE_MODULES = YES;
				CLANG_ENABLE_OBJC_ARC = YES;
				CLANG_ENABLE_OBJC_WEAK = YES;
				CLANG_WARN_BLOCK_CAPTURE_AUTORELEASING = YES;
				CLANG_WARN_BOOL_CONVERSION = YES;
				CLANG_WARN_COMMA = YES;
				CLANG_WARN_CONSTANT_CONVERSION = YES;
				CLANG_WARN_DEPRECATED_OBJC_IMPLEMENTATIONS = YES;
				CLANG_WARN_DIRECT_OBJC_ISA_USAGE = YES_ERROR;
				CLANG_WARN_DOCUMENTATION_COMMENTS = YES;
				CLANG_WARN_EMPTY_BODY = YES;
				CLANG_WARN_ENUM_CONVERSION = YES;
				CLANG_WARN_INFINITE_RECURSION = YES;
				CLANG_WARN_INT_CONVERSION = YES;
				CLANG_WARN_NON_LITERAL_NULL_CONVERSION = YES;
				CLANG_WARN_OBJC_IMPLICIT_RETAIN_SELF = YES;
				CLANG_WARN_OBJC_LITERAL_CONVERSION = YES;
				CLANG_WARN_OBJC_ROOT_CLASS = YES_ERROR;
				CLANG_WARN_QUOTED_INCLUDE_IN_FRAMEWORK_HEADER = YES;
				CLANG_WARN_RANGE_LOOP_ANALYSIS = YES;
				CLANG_WARN_STRICT_PROTOTYPES = YES;
				CLANG_WARN_SUSPICIOUS_MOVE = YES;
				CLANG_WARN_UNGUARDED_AVAILABILITY = YES_AGGRESSIVE;
				CLANG_WARN_UNREACHABLE_CODE = YES;
				CLANG_WARN__DUPLICATE_METHOD_MATCH = YES;
				COPY_PHASE_STRIP = NO;
				DEBUG_INFORMATION_FORMAT = dwarf;
				ENABLE_STRICT_OBJC_MSGSEND = YES;
				ENABLE_TESTABILITY = YES;
				ENABLE_USER_SCRIPT_SANDBOXING = YES;
				GCC_C_LANGUAGE_STANDARD = gnu17;
				GCC_DYNAMIC_NO_PIC = NO;
				GCC_NO_COMMON_BLOCKS = YES;
				GCC_OPTIMIZATION_LEVEL = 0;
				GCC_PREPROCESSOR_DEFINITIONS = (
					"DEBUG=1",
					"$(inherited)",
				);
				GCC_WARN_64_TO_32_BIT_CONVERSION = YES;
				GCC_WARN_ABOUT_RETURN_TYPE = YES_ERROR;
				GCC_WARN_UNDECLARED_SELECTOR = YES;
				GCC_WARN_UNINITIALIZED_AUTOS = YES_AGGRESSIVE;
				GCC_WARN_UNUSED_FUNCTION = YES;
				GCC_WARN_UNUSED_VARIABLE = YES;
				IPHONEOS_DEPLOYMENT_TARGET = 17.5;
				LOCALIZATION_PREFERS_STRING_CATALOGS = YES;
				MTL_ENABLE_DEBUG_INFO = INCLUDE_SOURCE;
				MTL_FAST_MATH = YES;
				ONLY_ACTIVE_ARCH = YES;
				SDKROOT = iphoneos;
				SWIFT_ACTIVE_COMPILATION_CONDITIONS = "DEBUG $(inherited)";
				SWIFT_OPTIMIZATION_LEVEL = "-Onone";
			};
			name = Debug;
		};
		F91C15E32CE0E1890029C15D /* Release */ = {
			isa = XCBuildConfiguration;
			buildSettings = {
				ALWAYS_SEARCH_USER_PATHS = NO;
				ASSETCATALOG_COMPILER_GENERATE_SWIFT_ASSET_SYMBOL_EXTENSIONS = YES;
				CLANG_ANALYZER_NONNULL = YES;
				CLANG_ANALYZER_NUMBER_OBJECT_CONVERSION = YES_AGGRESSIVE;
				CLANG_CXX_LANGUAGE_STANDARD = "gnu++20";
				CLANG_ENABLE_MODULES = YES;
				CLANG_ENABLE_OBJC_ARC = YES;
				CLANG_ENABLE_OBJC_WEAK = YES;
				CLANG_WARN_BLOCK_CAPTURE_AUTORELEASING = YES;
				CLANG_WARN_BOOL_CONVERSION = YES;
				CLANG_WARN_COMMA = YES;
				CLANG_WARN_CONSTANT_CONVERSION = YES;
				CLANG_WARN_DEPRECATED_OBJC_IMPLEMENTATIONS = YES;
				CLANG_WARN_DIRECT_OBJC_ISA_USAGE = YES_ERROR;
				CLANG_WARN_DOCUMENTATION_COMMENTS = YES;
				CLANG_WARN_EMPTY_BODY = YES;
				CLANG_WARN_ENUM_CONVERSION = YES;
				CLANG_WARN_INFINITE_RECURSION = YES;
				CLANG_WARN_INT_CONVERSION = YES;
				CLANG_WARN_NON_LITERAL_NULL_CONVERSION = YES;
				CLANG_WARN_OBJC_IMPLICIT_RETAIN_SELF = YES;
				CLANG_WARN_OBJC_LITERAL_CONVERSION = YES;
				CLANG_WARN_OBJC_ROOT_CLASS = YES_ERROR;
				CLANG_WARN_QUOTED_INCLUDE_IN_FRAMEWORK_HEADER = YES;
				CLANG_WARN_RANGE_LOOP_ANALYSIS = YES;
				CLANG_WARN_STRICT_PROTOTYPES = YES;
				CLANG_WARN_SUSPICIOUS_MOVE = YES;
				CLANG_WARN_UNGUARDED_AVAILABILITY = YES_AGGRESSIVE;
				CLANG_WARN_UNREACHABLE_CODE = YES;
				CLANG_WARN__DUPLICATE_METHOD_MATCH = YES;
				COPY_PHASE_STRIP = NO;
				DEBUG_INFORMATION_FORMAT = "dwarf-with-dsym";
				ENABLE_NS_ASSERTIONS = NO;
				ENABLE_STRICT_OBJC_MSGSEND = YES;
				ENABLE_USER_SCRIPT_SANDBOXING = YES;
				GCC_C_LANGUAGE_STANDARD = gnu17;
				GCC_NO_COMMON_BLOCKS = YES;
				GCC_WARN_64_TO_32_BIT_CONVERSION = YES;
				GCC_WARN_ABOUT_RETURN_TYPE = YES_ERROR;
				GCC_WARN_UNDECLARED_SELECTOR = YES;
				GCC_WARN_UNINITIALIZED_AUTOS = YES_AGGRESSIVE;
				GCC_WARN_UNUSED_FUNCTION = YES;
				GCC_WARN_UNUSED_VARIABLE = YES;
				IPHONEOS_DEPLOYMENT_TARGET = 17.5;
				LOCALIZATION_PREFERS_STRING_CATALOGS = YES;
				MTL_ENABLE_DEBUG_INFO = NO;
				MTL_FAST_MATH = YES;
				SDKROOT = iphoneos;
				SWIFT_COMPILATION_MODE = wholemodule;
				VALIDATE_PRODUCT = YES;
			};
			name = Release;
		};
		F91C15E52CE0E1890029C15D /* Debug */ = {
			isa = XCBuildConfiguration;
			baseConfigurationReference = E57295EA6729F63DA82DD90E /* Pods-SampleEventBrowser.debug.xcconfig */;
			buildSettings = {
				ASSETCATALOG_COMPILER_APPICON_NAME = AppIcon;
				ASSETCATALOG_COMPILER_GLOBAL_ACCENT_COLOR_NAME = AccentColor;
				CODE_SIGN_STYLE = Automatic;
				CURRENT_PROJECT_VERSION = 1;
				DEVELOPMENT_ASSET_PATHS = "\"SampleEventBrowser/Preview Content\"";
				DEVELOPMENT_TEAM = 9GW78CXC2W;
				ENABLE_PREVIEWS = YES;
				ENABLE_USER_SCRIPT_SANDBOXING = NO;
				GENERATE_INFOPLIST_FILE = YES;
				INFOPLIST_FILE = SampleEventBrowser/Info.plist;
				INFOPLIST_KEY_UIApplicationSupportsIndirectInputEvents = YES;
				INFOPLIST_KEY_UILaunchScreen_Generation = YES;
				INFOPLIST_KEY_UISupportedInterfaceOrientations_iPad = "UIInterfaceOrientationPortrait UIInterfaceOrientationPortraitUpsideDown UIInterfaceOrientationLandscapeLeft UIInterfaceOrientationLandscapeRight";
				INFOPLIST_KEY_UISupportedInterfaceOrientations_iPhone = "UIInterfaceOrientationPortrait UIInterfaceOrientationLandscapeLeft UIInterfaceOrientationLandscapeRight";
				IPHONEOS_DEPLOYMENT_TARGET = 14.0;
				LD_RUNPATH_SEARCH_PATHS = (
					"$(inherited)",
					"@executable_path/Frameworks",
				);
				MARKETING_VERSION = 1.0;
				PRODUCT_BUNDLE_IDENTIFIER = com.phonepe.test.SampleEventBrowser;
				PRODUCT_NAME = "$(TARGET_NAME)";
				SWIFT_EMIT_LOC_STRINGS = YES;
				SWIFT_VERSION = 5.0;
				TARGETED_DEVICE_FAMILY = "1,2";
			};
			name = Debug;
		};
		F91C15E62CE0E1890029C15D /* Release */ = {
			isa = XCBuildConfiguration;
			baseConfigurationReference = 7E585673D05B0F0F48B73743 /* Pods-SampleEventBrowser.release.xcconfig */;
			buildSettings = {
				ASSETCATALOG_COMPILER_APPICON_NAME = AppIcon;
				ASSETCATALOG_COMPILER_GLOBAL_ACCENT_COLOR_NAME = AccentColor;
				CODE_SIGN_STYLE = Automatic;
				CURRENT_PROJECT_VERSION = 1;
				DEVELOPMENT_ASSET_PATHS = "\"SampleEventBrowser/Preview Content\"";
				DEVELOPMENT_TEAM = 9GW78CXC2W;
				ENABLE_PREVIEWS = YES;
				ENABLE_USER_SCRIPT_SANDBOXING = NO;
				GENERATE_INFOPLIST_FILE = YES;
				INFOPLIST_FILE = SampleEventBrowser/Info.plist;
				INFOPLIST_KEY_UIApplicationSupportsIndirectInputEvents = YES;
				INFOPLIST_KEY_UILaunchScreen_Generation = YES;
				INFOPLIST_KEY_UISupportedInterfaceOrientations_iPad = "UIInterfaceOrientationPortrait UIInterfaceOrientationPortraitUpsideDown UIInterfaceOrientationLandscapeLeft UIInterfaceOrientationLandscapeRight";
				INFOPLIST_KEY_UISupportedInterfaceOrientations_iPhone = "UIInterfaceOrientationPortrait UIInterfaceOrientationLandscapeLeft UIInterfaceOrientationLandscapeRight";
				IPHONEOS_DEPLOYMENT_TARGET = 14.0;
				LD_RUNPATH_SEARCH_PATHS = (
					"$(inherited)",
					"@executable_path/Frameworks",
				);
				MARKETING_VERSION = 1.0;
				PRODUCT_BUNDLE_IDENTIFIER = com.phonepe.test.SampleEventBrowser;
				PRODUCT_NAME = "$(TARGET_NAME)";
				SWIFT_EMIT_LOC_STRINGS = YES;
				SWIFT_VERSION = 5.0;
				TARGETED_DEVICE_FAMILY = "1,2";
			};
			name = Release;
		};
		F91C15E82CE0E1890029C15D /* Debug */ = {
			isa = XCBuildConfiguration;
			baseConfigurationReference = CDE049E7EA54D902BA42E178 /* Pods-SampleEventBrowserTests.debug.xcconfig */;
			buildSettings = {
				BUNDLE_LOADER = "$(TEST_HOST)";
				CODE_SIGN_STYLE = Automatic;
				CURRENT_PROJECT_VERSION = 1;
				DEVELOPMENT_TEAM = 9GW78CXC2W;
				GENERATE_INFOPLIST_FILE = YES;
				IPHONEOS_DEPLOYMENT_TARGET = 15.0;
				MARKETING_VERSION = 1.0;
				PRODUCT_BUNDLE_IDENTIFIER = com.phonepe.test.SampleEventBrowserTests;
				PRODUCT_NAME = "$(TARGET_NAME)";
				SWIFT_EMIT_LOC_STRINGS = NO;
				SWIFT_VERSION = 5.0;
				TARGETED_DEVICE_FAMILY = "1,2";
				TEST_HOST = "$(BUILT_PRODUCTS_DIR)/SampleEventBrowser.app/$(BUNDLE_EXECUTABLE_FOLDER_PATH)/SampleEventBrowser";
			};
			name = Debug;
		};
		F91C15E92CE0E1890029C15D /* Release */ = {
			isa = XCBuildConfiguration;
			baseConfigurationReference = 151281609569789EF6F71E4C /* Pods-SampleEventBrowserTests.release.xcconfig */;
			buildSettings = {
				BUNDLE_LOADER = "$(TEST_HOST)";
				CODE_SIGN_STYLE = Automatic;
				CURRENT_PROJECT_VERSION = 1;
				DEVELOPMENT_TEAM = 9GW78CXC2W;
				GENERATE_INFOPLIST_FILE = YES;
				IPHONEOS_DEPLOYMENT_TARGET = 15.0;
				MARKETING_VERSION = 1.0;
				PRODUCT_BUNDLE_IDENTIFIER = com.phonepe.test.SampleEventBrowserTests;
				PRODUCT_NAME = "$(TARGET_NAME)";
				SWIFT_EMIT_LOC_STRINGS = NO;
				SWIFT_VERSION = 5.0;
				TARGETED_DEVICE_FAMILY = "1,2";
				TEST_HOST = "$(BUILT_PRODUCTS_DIR)/SampleEventBrowser.app/$(BUNDLE_EXECUTABLE_FOLDER_PATH)/SampleEventBrowser";
			};
			name = Release;
		};
/* End XCBuildConfiguration section */

/* Begin XCConfigurationList section */
		F91C15B92CE0E1870029C15D /* Build configuration list for PBXProject "SampleEventBrowser" */ = {
			isa = XCConfigurationList;
			buildConfigurations = (
				F91C15E22CE0E1890029C15D /* Debug */,
				F91C15E32CE0E1890029C15D /* Release */,
			);
			defaultConfigurationIsVisible = 0;
			defaultConfigurationName = Release;
		};
		F91C15E42CE0E1890029C15D /* Build configuration list for PBXNativeTarget "SampleEventBrowser" */ = {
			isa = XCConfigurationList;
			buildConfigurations = (
				F91C15E52CE0E1890029C15D /* Debug */,
				F91C15E62CE0E1890029C15D /* Release */,
			);
			defaultConfigurationIsVisible = 0;
			defaultConfigurationName = Release;
		};
		F91C15E72CE0E1890029C15D /* Build configuration list for PBXNativeTarget "SampleEventBrowserTests" */ = {
			isa = XCConfigurationList;
			buildConfigurations = (
				F91C15E82CE0E1890029C15D /* Debug */,
				F91C15E92CE0E1890029C15D /* Release */,
			);
			defaultConfigurationIsVisible = 0;
			defaultConfigurationName = Release;
		};
/* End XCConfigurationList section */
	};
	rootObject = F91C15B62CE0E1870029C15D /* Project object */;
}
